
Microsoft Visual Studio Solution File, Format Version 12.00
# Visual Studio Version 17
VisualStudioVersion = 17.8.34330.188
MinimumVisualStudioVersion = 10.0.40219.1
Project("{FAE04EC0-301F-11D3-BF4B-00C04F79EFBC}") = "FileDirOpdracht", "FileDirOpdracht\FileDirOpdracht.csproj", "{16D04710-6E90-4875-BA2C-9869C10FC6B3}"
EndProject
Global
	GlobalSection(SolutionConfigurationPlatforms) = preSolution
		Debug|Any CPU = Debug|Any CPU
		Release|Any CPU = Release|Any CPU
	EndGlobalSection
	GlobalSection(ProjectConfigurationPlatforms) = postSolution
		{16D04710-6E90-4875-BA2C-9869C10FC6B3}.Debug|Any CPU.ActiveCfg = Debug|Any CPU
		{16D04710-6E90-4875-BA2C-9869C10FC6B3}.Debug|Any CPU.Build.0 = Debug|Any CPU
		{16D04710-6E90-4875-BA2C-9869C10FC6B3}.Release|Any CPU.ActiveCfg = Release|Any CPU
		{16D04710-6E90-4875-BA2C-9869C10FC6B3}.Release|Any CPU.Build.0 = Release|Any CPU
	EndGlobalSection
	GlobalSection(SolutionProperties) = preSolution
		HideSolutionNode = FALSE
	EndGlobalSection
	GlobalSection(ExtensibilityGlobals) = postSolution
		SolutionGuid = {8973A4BC-1A64-4CE6-90CC-E5C551DC6E39}
	EndGlobalSection
EndGlobal
